{
  "requires": true,
  "lockfileVersion": 1,
  "dependencies": {
    "pure-css3-animated-border": {
      "version": "1.0.0",
      "resolved": "https://registry.npmjs.org/pure-css3-animated-border/-/pure-css3-animated-border-1.0.0.tgz",
      "integrity": "sha1-PPkbcwMH2Vd8eF2AIRS7fPvLmck="
    }
  }
}
